// !$*UTF8*$!
{
	archiveVersion = 1;
	classes = {
	};
	objectVersion = 46;
	objects = {

/* Begin PBXBuildFile section */
		43D63C6F1AD7AC2300A46D35 /* CommonCrypto.h in Headers */ = {isa = PBXBuildFile; fileRef = 43D63C6E1AD7AC2300A46D35 /* CommonCrypto.h */; settings = {ATTRIBUTES = (Public, ); }; };
		43D63C8C1AD7ACAF00A46D35 /* CommonCryptor.h in Headers */ = {isa = PBXBuildFile; fileRef = 43D63C8A1AD7ACAF00A46D35 /* CommonCryptor.h */; settings = {ATTRIBUTES = (Public, ); }; };
		43D63C8D1AD7ACAF00A46D35 /* CommonCryptor.m in Sources */ = {isa = PBXBuildFile; fileRef = 43D63C8B1AD7ACAF00A46D35 /* CommonCryptor.m */; };
		43D63C901AD7ACB800A46D35 /* CommonDigest.h in Headers */ = {isa = PBXBuildFile; fileRef = 43D63C8E1AD7ACB800A46D35 /* CommonDigest.h */; settings = {ATTRIBUTES = (Public, ); }; };
		43D63C911AD7ACB800A46D35 /* CommonDigest.m in Sources */ = {isa = PBXBuildFile; fileRef = 43D63C8F1AD7ACB800A46D35 /* CommonDigest.m */; };
		43D63C941AD7ACC100A46D35 /* CommonHMAC.h in Headers */ = {isa = PBXBuildFile; fileRef = 43D63C921AD7ACC100A46D35 /* CommonHMAC.h */; settings = {ATTRIBUTES = (Public, ); }; };
		43D63C951AD7ACC100A46D35 /* CommonHMAC.m in Sources */ = {isa = PBXBuildFile; fileRef = 43D63C931AD7ACC100A46D35 /* CommonHMAC.m */; };
		43D63C981AD7ACCA00A46D35 /* CommonKeyDerivation.h in Headers */ = {isa = PBXBuildFile; fileRef = 43D63C961AD7ACCA00A46D35 /* CommonKeyDerivation.h */; settings = {ATTRIBUTES = (Public, ); }; };
		43D63C991AD7ACCA00A46D35 /* CommonKeyDerivation.m in Sources */ = {isa = PBXBuildFile; fileRef = 43D63C971AD7ACCA00A46D35 /* CommonKeyDerivation.m */; };
		43D63C9C1AD7ACD200A46D35 /* CommonSymmetricKeywrap.h in Headers */ = {isa = PBXBuildFile; fileRef = 43D63C9A1AD7ACD200A46D35 /* CommonSymmetricKeywrap.h */; settings = {ATTRIBUTES = (Public, ); }; };
		43D63C9D1AD7ACD200A46D35 /* CommonSymmetricKeywrap.m in Sources */ = {isa = PBXBuildFile; fileRef = 43D63C9B1AD7ACD200A46D35 /* CommonSymmetricKeywrap.m */; };
		43D63CA01AD7AD0500A46D35 /* CommonCryptoError.h in Headers */ = {isa = PBXBuildFile; fileRef = 43D63C9E1AD7AD0500A46D35 /* CommonCryptoError.h */; };
/* End PBXBuildFile section */

/* Begin PBXFileReference section */
		43D63C691AD7AC2300A46D35 /* CommonCrypto.framework */ = {isa = PBXFileReference; explicitFileType = wrapper.framework; includeInIndex = 0; path = CommonCrypto.framework; sourceTree = BUILT_PRODUCTS_DIR; };
		43D63C6D1AD7AC2300A46D35 /* Info.plist */ = {isa = PBXFileReference; lastKnownFileType = text.plist.xml; path = Info.plist; sourceTree = "<group>"; };
		43D63C6E1AD7AC2300A46D35 /* CommonCrypto.h */ = {isa = PBXFileReference; lastKnownFileType = sourcecode.c.h; path = CommonCrypto.h; sourceTree = "<group>"; };
		43D63C871AD7AC5A00A46D35 /* Android-arm.xcconfig */ = {isa = PBXFileReference; lastKnownFileType = text.xcconfig; path = "Android-arm.xcconfig"; sourceTree = "<group>"; };
		43D63C881AD7AC5A00A46D35 /* Android-x86.xcconfig */ = {isa = PBXFileReference; lastKnownFileType = text.xcconfig; path = "Android-x86.xcconfig"; sourceTree = "<group>"; };
		43D63C891AD7AC5A00A46D35 /* Android.xcconfig */ = {isa = PBXFileReference; lastKnownFileType = text.xcconfig; path = Android.xcconfig; sourceTree = "<group>"; };
		43D63C8A1AD7ACAF00A46D35 /* CommonCryptor.h */ = {isa = PBXFileReference; fileEncoding = 4; lastKnownFileType = sourcecode.c.h; path = CommonCryptor.h; sourceTree = "<group>"; };
		43D63C8B1AD7ACAF00A46D35 /* CommonCryptor.m */ = {isa = PBXFileReference; fileEncoding = 4; lastKnownFileType = sourcecode.c.objc; path = CommonCryptor.m; sourceTree = "<group>"; };
		43D63C8E1AD7ACB800A46D35 /* CommonDigest.h */ = {isa = PBXFileReference; fileEncoding = 4; lastKnownFileType = sourcecode.c.h; path = CommonDigest.h; sourceTree = "<group>"; };
		43D63C8F1AD7ACB800A46D35 /* CommonDigest.m */ = {isa = PBXFileReference; fileEncoding = 4; lastKnownFileType = sourcecode.c.objc; path = CommonDigest.m; sourceTree = "<group>"; };
		43D63C921AD7ACC100A46D35 /* CommonHMAC.h */ = {isa = PBXFileReference; fileEncoding = 4; lastKnownFileType = sourcecode.c.h; path = CommonHMAC.h; sourceTree = "<group>"; };
		43D63C931AD7ACC100A46D35 /* CommonHMAC.m */ = {isa = PBXFileReference; fileEncoding = 4; lastKnownFileType = sourcecode.c.objc; path = CommonHMAC.m; sourceTree = "<group>"; };
		43D63C961AD7ACCA00A46D35 /* CommonKeyDerivation.h */ = {isa = PBXFileReference; fileEncoding = 4; lastKnownFileType = sourcecode.c.h; path = CommonKeyDerivation.h; sourceTree = "<group>"; };
		43D63C971AD7ACCA00A46D35 /* CommonKeyDerivation.m */ = {isa = PBXFileReference; fileEncoding = 4; lastKnownFileType = sourcecode.c.objc; path = CommonKeyDerivation.m; sourceTree = "<group>"; };
		43D63C9A1AD7ACD200A46D35 /* CommonSymmetricKeywrap.h */ = {isa = PBXFileReference; fileEncoding = 4; lastKnownFileType = sourcecode.c.h; path = CommonSymmetricKeywrap.h; sourceTree = "<group>"; };
		43D63C9B1AD7ACD200A46D35 /* CommonSymmetricKeywrap.m */ = {isa = PBXFileReference; fileEncoding = 4; lastKnownFileType = sourcecode.c.objc; path = CommonSymmetricKeywrap.m; sourceTree = "<group>"; };
		43D63C9E1AD7AD0500A46D35 /* CommonCryptoError.h */ = {isa = PBXFileReference; fileEncoding = 4; lastKnownFileType = sourcecode.c.h; path = CommonCryptoError.h; sourceTree = "<group>"; };
/* End PBXFileReference section */

/* Begin PBXFrameworksBuildPhase section */
		43D63C651AD7AC2300A46D35 /* Frameworks */ = {
			isa = PBXFrameworksBuildPhase;
			buildActionMask = 2147483647;
			files = (
			);
			runOnlyForDeploymentPostprocessing = 0;
		};
/* End PBXFrameworksBuildPhase section */

/* Begin PBXGroup section */
		43D63C5F1AD7AC2300A46D35 = {
			isa = PBXGroup;
			children = (
				43D63C861AD7AC5A00A46D35 /* xcconfig */,
				43D63C6B1AD7AC2300A46D35 /* CommonCrypto */,
				43D63C6A1AD7AC2300A46D35 /* Products */,
			);
			sourceTree = "<group>";
		};
		43D63C6A1AD7AC2300A46D35 /* Products */ = {
			isa = PBXGroup;
			children = (
				43D63C691AD7AC2300A46D35 /* CommonCrypto.framework */,
			);
			name = Products;
			sourceTree = "<group>";
		};
		43D63C6B1AD7AC2300A46D35 /* CommonCrypto */ = {
			isa = PBXGroup;
			children = (
				43D63C6E1AD7AC2300A46D35 /* CommonCrypto.h */,
				43D63C8A1AD7ACAF00A46D35 /* CommonCryptor.h */,
				43D63C8B1AD7ACAF00A46D35 /* CommonCryptor.m */,
				43D63C8E1AD7ACB800A46D35 /* CommonDigest.h */,
				43D63C8F1AD7ACB800A46D35 /* CommonDigest.m */,
				43D63C921AD7ACC100A46D35 /* CommonHMAC.h */,
				43D63C931AD7ACC100A46D35 /* CommonHMAC.m */,
				43D63C961AD7ACCA00A46D35 /* CommonKeyDerivation.h */,
				43D63C971AD7ACCA00A46D35 /* CommonKeyDerivation.m */,
				43D63C9A1AD7ACD200A46D35 /* CommonSymmetricKeywrap.h */,
				43D63C9B1AD7ACD200A46D35 /* CommonSymmetricKeywrap.m */,
				43D63C9E1AD7AD0500A46D35 /* CommonCryptoError.h */,
				43D63C6C1AD7AC2300A46D35 /* Supporting Files */,
			);
			path = CommonCrypto;
			sourceTree = "<group>";
		};
		43D63C6C1AD7AC2300A46D35 /* Supporting Files */ = {
			isa = PBXGroup;
			children = (
				43D63C6D1AD7AC2300A46D35 /* Info.plist */,
			);
			name = "Supporting Files";
			sourceTree = "<group>";
		};
		43D63C861AD7AC5A00A46D35 /* xcconfig */ = {
			isa = PBXGroup;
			children = (
				43D63C871AD7AC5A00A46D35 /* Android-arm.xcconfig */,
				43D63C881AD7AC5A00A46D35 /* Android-x86.xcconfig */,
				43D63C891AD7AC5A00A46D35 /* Android.xcconfig */,
			);
			path = xcconfig;
			sourceTree = "<group>";
		};
/* End PBXGroup section */

/* Begin PBXHeadersBuildPhase section */
		43D63C661AD7AC2300A46D35 /* Headers */ = {
			isa = PBXHeadersBuildPhase;
			buildActionMask = 2147483647;
			files = (
				43D63C941AD7ACC100A46D35 /* CommonHMAC.h in Headers */,
				43D63C6F1AD7AC2300A46D35 /* CommonCrypto.h in Headers */,
				43D63CA01AD7AD0500A46D35 /* CommonCryptoError.h in Headers */,
				43D63C981AD7ACCA00A46D35 /* CommonKeyDerivation.h in Headers */,
				43D63C901AD7ACB800A46D35 /* CommonDigest.h in Headers */,
				43D63C8C1AD7ACAF00A46D35 /* CommonCryptor.h in Headers */,
				43D63C9C1AD7ACD200A46D35 /* CommonSymmetricKeywrap.h in Headers */,
			);
			runOnlyForDeploymentPostprocessing = 0;
		};
/* End PBXHeadersBuildPhase section */

/* Begin PBXNativeTarget section */
		43D63C681AD7AC2300A46D35 /* CommonCrypto */ = {
			isa = PBXNativeTarget;
			buildConfigurationList = 43D63C7F1AD7AC2300A46D35 /* Build configuration list for PBXNativeTarget "CommonCrypto" */;
			buildPhases = (
				43D63C641AD7AC2300A46D35 /* Sources */,
				43D63C651AD7AC2300A46D35 /* Frameworks */,
				43D63C661AD7AC2300A46D35 /* Headers */,
				43D63C671AD7AC2300A46D35 /* Resources */,
				43D63C851AD7AC3000A46D35 /* ShellScript */,
			);
			buildRules = (
			);
			dependencies = (
			);
			name = CommonCrypto;
			productName = CommonCrypto;
			productReference = 43D63C691AD7AC2300A46D35 /* CommonCrypto.framework */;
			productType = "com.apple.product-type.framework";
		};
/* End PBXNativeTarget section */

/* Begin PBXProject section */
		43D63C601AD7AC2300A46D35 /* Project object */ = {
			isa = PBXProject;
			attributes = {
				LastUpgradeCheck = 0610;
				ORGANIZATIONNAME = "Shanghai TinyNetwork Inc.";
				TargetAttributes = {
					43D63C681AD7AC2300A46D35 = {
						CreatedOnToolsVersion = 6.1.1;
					};
				};
			};
			buildConfigurationList = 43D63C631AD7AC2300A46D35 /* Build configuration list for PBXProject "CommonCrypto" */;
			compatibilityVersion = "Xcode 3.2";
			developmentRegion = English;
			hasScannedForEncodings = 0;
			knownRegions = (
				en,
			);
			mainGroup = 43D63C5F1AD7AC2300A46D35;
			productRefGroup = 43D63C6A1AD7AC2300A46D35 /* Products */;
			projectDirPath = "";
			projectRoot = "";
			targets = (
				43D63C681AD7AC2300A46D35 /* CommonCrypto */,
			);
		};
/* End PBXProject section */

/* Begin PBXResourcesBuildPhase section */
		43D63C671AD7AC2300A46D35 /* Resources */ = {
			isa = PBXResourcesBuildPhase;
			buildActionMask = 2147483647;
			files = (
			);
			runOnlyForDeploymentPostprocessing = 0;
		};
/* End PBXResourcesBuildPhase section */

/* Begin PBXShellScriptBuildPhase section */
		43D63C851AD7AC3000A46D35 /* ShellScript */ = {
			isa = PBXShellScriptBuildPhase;
			buildActionMask = 2147483647;
			files = (
			);
			inputPaths = (
			);
			outputPaths = (
			);
			runOnlyForDeploymentPostprocessing = 0;
			shellPath = /bin/sh;
			shellScript = "pushd \"$SDK_LIB_PATH\"\nln -sf \"$LD_DYLIB_INSTALL_NAME\" \"lib$PRODUCT_NAME.so\"\npopd\n\npushd \"$SDK_ROOT/usr/include\"\nln -sf \"$INSTALL_PATH/$PUBLIC_HEADERS_FOLDER_PATH\" \"$PRODUCT_NAME\"\npopd\n";
		};
/* End PBXShellScriptBuildPhase section */

/* Begin PBXSourcesBuildPhase section */
		43D63C641AD7AC2300A46D35 /* Sources */ = {
			isa = PBXSourcesBuildPhase;
			buildActionMask = 2147483647;
			files = (
				43D63C911AD7ACB800A46D35 /* CommonDigest.m in Sources */,
				43D63C8D1AD7ACAF00A46D35 /* CommonCryptor.m in Sources */,
				43D63C951AD7ACC100A46D35 /* CommonHMAC.m in Sources */,
				43D63C991AD7ACCA00A46D35 /* CommonKeyDerivation.m in Sources */,
				43D63C9D1AD7ACD200A46D35 /* CommonSymmetricKeywrap.m in Sources */,
			);
			runOnlyForDeploymentPostprocessing = 0;
		};
/* End PBXSourcesBuildPhase section */

/* Begin XCBuildConfiguration section */
		43D63C7D1AD7AC2300A46D35 /* Debug */ = {
			isa = XCBuildConfiguration;
			buildSettings = {
				ALWAYS_SEARCH_USER_PATHS = NO;
				CLANG_CXX_LANGUAGE_STANDARD = "gnu++0x";
				CLANG_CXX_LIBRARY = "libc++";
				CLANG_ENABLE_MODULES = YES;
				CLANG_ENABLE_OBJC_ARC = YES;
				CLANG_WARN_BOOL_CONVERSION = YES;
				CLANG_WARN_CONSTANT_CONVERSION = YES;
				CLANG_WARN_DIRECT_OBJC_ISA_USAGE = YES_ERROR;
				CLANG_WARN_EMPTY_BODY = YES;
				CLANG_WARN_ENUM_CONVERSION = YES;
				CLANG_WARN_INT_CONVERSION = YES;
				CLANG_WARN_OBJC_ROOT_CLASS = YES_ERROR;
				CLANG_WARN_UNREACHABLE_CODE = YES;
				CLANG_WARN__DUPLICATE_METHOD_MATCH = YES;
				COPY_PHASE_STRIP = NO;
				CURRENT_PROJECT_VERSION = 1;
				ENABLE_STRICT_OBJC_MSGSEND = YES;
				GCC_C_LANGUAGE_STANDARD = gnu99;
				GCC_DYNAMIC_NO_PIC = NO;
				GCC_OPTIMIZATION_LEVEL = 0;
				GCC_PREPROCESSOR_DEFINITIONS = (
					"DEBUG=1",
					"$(inherited)",
				);
				GCC_SYMBOLS_PRIVATE_EXTERN = NO;
				GCC_WARN_64_TO_32_BIT_CONVERSION = YES;
				GCC_WARN_ABOUT_RETURN_TYPE = YES_ERROR;
				GCC_WARN_UNDECLARED_SELECTOR = YES;
				GCC_WARN_UNINITIALIZED_AUTOS = YES_AGGRESSIVE;
				GCC_WARN_UNUSED_FUNCTION = YES;
				GCC_WARN_UNUSED_VARIABLE = YES;
				MACOSX_DEPLOYMENT_TARGET = 10.10;
				MTL_ENABLE_DEBUG_INFO = YES;
				ONLY_ACTIVE_ARCH = YES;
				SDKROOT = macosx0.0;
				VERSIONING_SYSTEM = "apple-generic";
				VERSION_INFO_PREFIX = "";
			};
			name = Debug;
		};
		43D63C7E1AD7AC2300A46D35 /* Release */ = {
			isa = XCBuildConfiguration;
			buildSettings = {
				ALWAYS_SEARCH_USER_PATHS = NO;
				CLANG_CXX_LANGUAGE_STANDARD = "gnu++0x";
				CLANG_CXX_LIBRARY = "libc++";
				CLANG_ENABLE_MODULES = YES;
				CLANG_ENABLE_OBJC_ARC = YES;
				CLANG_WARN_BOOL_CONVERSION = YES;
				CLANG_WARN_CONSTANT_CONVERSION = YES;
				CLANG_WARN_DIRECT_OBJC_ISA_USAGE = YES_ERROR;
				CLANG_WARN_EMPTY_BODY = YES;
				CLANG_WARN_ENUM_CONVERSION = YES;
				CLANG_WARN_INT_CONVERSION = YES;
				CLANG_WARN_OBJC_ROOT_CLASS = YES_ERROR;
				CLANG_WARN_UNREACHABLE_CODE = YES;
				CLANG_WARN__DUPLICATE_METHOD_MATCH = YES;
				COPY_PHASE_STRIP = YES;
				CURRENT_PROJECT_VERSION = 1;
				DEBUG_INFORMATION_FORMAT = "dwarf-with-dsym";
				ENABLE_NS_ASSERTIONS = NO;
				ENABLE_STRICT_OBJC_MSGSEND = YES;
				GCC_C_LANGUAGE_STANDARD = gnu99;
				GCC_WARN_64_TO_32_BIT_CONVERSION = YES;
				GCC_WARN_ABOUT_RETURN_TYPE = YES_ERROR;
				GCC_WARN_UNDECLARED_SELECTOR = YES;
				GCC_WARN_UNINITIALIZED_AUTOS = YES_AGGRESSIVE;
				GCC_WARN_UNUSED_FUNCTION = YES;
				GCC_WARN_UNUSED_VARIABLE = YES;
				MACOSX_DEPLOYMENT_TARGET = 10.10;
				MTL_ENABLE_DEBUG_INFO = NO;
				SDKROOT = macosx0.0;
				VERSIONING_SYSTEM = "apple-generic";
				VERSION_INFO_PREFIX = "";
			};
			name = Release;
		};
		43D63C801AD7AC2300A46D35 /* Debug */ = {
			isa = XCBuildConfiguration;
			baseConfigurationReference = 43D63C891AD7AC5A00A46D35 /* Android.xcconfig */;
			buildSettings = {
				COMBINE_HIDPI_IMAGES = YES;
				DEFINES_MODULE = NO;
				DYLIB_COMPATIBILITY_VERSION = 1;
				DYLIB_CURRENT_VERSION = 1;
				FRAMEWORK_VERSION = A;
				INFOPLIST_FILE = CommonCrypto/Info.plist;
				LD_RUNPATH_SEARCH_PATHS = "$(inherited) @executable_path/../Frameworks @loader_path/Frameworks";
				PRODUCT_NAME = "$(TARGET_NAME)";
				SDKROOT = macosx0.0;
			};
			name = Debug;
		};
		43D63C811AD7AC2300A46D35 /* Release */ = {
			isa = XCBuildConfiguration;
			baseConfigurationReference = 43D63C891AD7AC5A00A46D35 /* Android.xcconfig */;
			buildSettings = {
				COMBINE_HIDPI_IMAGES = YES;
				DEFINES_MODULE = NO;
				DYLIB_COMPATIBILITY_VERSION = 1;
				DYLIB_CURRENT_VERSION = 1;
				FRAMEWORK_VERSION = A;
				INFOPLIST_FILE = CommonCrypto/Info.plist;
				LD_RUNPATH_SEARCH_PATHS = "$(inherited) @executable_path/../Frameworks @loader_path/Frameworks";
				PRODUCT_NAME = "$(TARGET_NAME)";
				SDKROOT = macosx0.0;
			};
			name = Release;
		};
/* End XCBuildConfiguration section */

/* Begin XCConfigurationList section */
		43D63C631AD7AC2300A46D35 /* Build configuration list for PBXProject "CommonCrypto" */ = {
			isa = XCConfigurationList;
			buildConfigurations = (
				43D63C7D1AD7AC2300A46D35 /* Debug */,
				43D63C7E1AD7AC2300A46D35 /* Release */,
			);
			defaultConfigurationIsVisible = 0;
			defaultConfigurationName = Release;
		};
		43D63C7F1AD7AC2300A46D35 /* Build configuration list for PBXNativeTarget "CommonCrypto" */ = {
			isa = XCConfigurationList;
			buildConfigurations = (
				43D63C801AD7AC2300A46D35 /* Debug */,
				43D63C811AD7AC2300A46D35 /* Release */,
			);
			defaultConfigurationIsVisible = 0;
			defaultConfigurationName = Release;
		};
/* End XCConfigurationList section */
	};
	rootObject = 43D63C601AD7AC2300A46D35 /* Project object */;
}
